// !$*UTF8*$!
{
	archiveVersion = 1;
	classes = {
	};
	objectVersion = 46;
	objects = {

/* Begin PBXBuildFile section */
		1748C4851DE105D8005A0A74 /* IntentHandler.swift in Sources */ = {isa = PBXBuildFile; fileRef = 1748C4841DE105D8005A0A74 /* IntentHandler.swift */; };
		1748C48D1DE105D8005A0A74 /* IntentsUI.framework in Frameworks */ = {isa = PBXBuildFile; fileRef = 1748C48C1DE105D8005A0A74 /* IntentsUI.framework */; };
		1748C4901DE105D8005A0A74 /* IntentViewController.swift in Sources */ = {isa = PBXBuildFile; fileRef = 1748C48F1DE105D8005A0A74 /* IntentViewController.swift */; };
		1748C4931DE105D8005A0A74 /* MainInterface.storyboard in Resources */ = {isa = PBXBuildFile; fileRef = 1748C4911DE105D8005A0A74 /* MainInterface.storyboard */; };
		1748C4971DE105D8005A0A74 /* MessageIntentionUI.appex in Embed App Extensions */ = {isa = PBXBuildFile; fileRef = 1748C48B1DE105D8005A0A74 /* MessageIntentionUI.appex */; settings = {ATTRIBUTES = (RemoveHeadersOnCopy, ); }; };
		1748C49A1DE105D8005A0A74 /* MessageIntention.appex in Embed App Extensions */ = {isa = PBXBuildFile; fileRef = 1748C4821DE105D8005A0A74 /* MessageIntention.appex */; settings = {ATTRIBUTES = (RemoveHeadersOnCopy, ); }; };
		52BB49661DE0E42C00BD0CC7 /* SendViewController.swift in Sources */ = {isa = PBXBuildFile; fileRef = 52BB49651DE0E42C00BD0CC7 /* SendViewController.swift */; };
		52EC39EF1DE01A1D007BFFE4 /* AppDelegate.swift in Sources */ = {isa = PBXBuildFile; fileRef = 52EC39EE1DE01A1D007BFFE4 /* AppDelegate.swift */; };
		52EC39F41DE01A1D007BFFE4 /* Main.storyboard in Resources */ = {isa = PBXBuildFile; fileRef = 52EC39F21DE01A1D007BFFE4 /* Main.storyboard */; };
		52EC39F61DE01A1D007BFFE4 /* Assets.xcassets in Resources */ = {isa = PBXBuildFile; fileRef = 52EC39F51DE01A1D007BFFE4 /* Assets.xcassets */; };
		52EC39F91DE01A1D007BFFE4 /* LaunchScreen.storyboard in Resources */ = {isa = PBXBuildFile; fileRef = 52EC39F71DE01A1D007BFFE4 /* LaunchScreen.storyboard */; };
		553082991DE1122D00472B6F /* EditChannel.storyboard in Resources */ = {isa = PBXBuildFile; fileRef = 553082981DE1122D00472B6F /* EditChannel.storyboard */; };
		5530829B1DE123C900472B6F /* EditChannelViewController.swift in Sources */ = {isa = PBXBuildFile; fileRef = 5530829A1DE123C900472B6F /* EditChannelViewController.swift */; };
		55495D121DE12CC900310CAD /* JoinViewController.swift in Sources */ = {isa = PBXBuildFile; fileRef = 55495D111DE12CC900310CAD /* JoinViewController.swift */; };
		55495D141DE12FB700310CAD /* NewChannelViewController.swift in Sources */ = {isa = PBXBuildFile; fileRef = 55495D131DE12FB700310CAD /* NewChannelViewController.swift */; };
		79CE7D871DE0D8A6006F9565 /* Messages.storyboard in Resources */ = {isa = PBXBuildFile; fileRef = 79CE7D851DE0D8A6006F9565 /* Messages.storyboard */; };
		79CE7D891DE0D8B7006F9565 /* Send.storyboard in Resources */ = {isa = PBXBuildFile; fileRef = 79CE7D881DE0D8B7006F9565 /* Send.storyboard */; };
		79CE7D8D1DE0E3C1006F9565 /* MessageTVC.swift in Sources */ = {isa = PBXBuildFile; fileRef = 79CE7D8C1DE0E3C1006F9565 /* MessageTVC.swift */; };
		79CE7D8F1DE10D9F006F9565 /* Geofencing.storyboard in Resources */ = {isa = PBXBuildFile; fileRef = 79CE7D8E1DE10D9F006F9565 /* Geofencing.storyboard */; };
		79CE7D921DE1170B006F9565 /* SettingsViewController.swift in Sources */ = {isa = PBXBuildFile; fileRef = 79CE7D911DE1170B006F9565 /* SettingsViewController.swift */; };
		79CE7D941DE119AC006F9565 /* MapViewController.swift in Sources */ = {isa = PBXBuildFile; fileRef = 79CE7D931DE119AC006F9565 /* MapViewController.swift */; };
		9D83E1AB9385D3501648BB3C /* Pods_Connnect.framework in Frameworks */ = {isa = PBXBuildFile; fileRef = 6E7D5401973B1A1FEA171B1A /* Pods_Connnect.framework */; };
/* End PBXBuildFile section */

/* Begin PBXContainerItemProxy section */
		1748C4951DE105D8005A0A74 /* PBXContainerItemProxy */ = {
			isa = PBXContainerItemProxy;
			containerPortal = 52EC39E31DE01A1D007BFFE4 /* Project object */;
			proxyType = 1;
			remoteGlobalIDString = 1748C48A1DE105D8005A0A74;
			remoteInfo = MessageIntentionUI;
		};
		1748C4981DE105D8005A0A74 /* PBXContainerItemProxy */ = {
			isa = PBXContainerItemProxy;
			containerPortal = 52EC39E31DE01A1D007BFFE4 /* Project object */;
			proxyType = 1;
			remoteGlobalIDString = 1748C4811DE105D8005A0A74;
			remoteInfo = MessageIntention;
		};
/* End PBXContainerItemProxy section */

/* Begin PBXCopyFilesBuildPhase section */
		1748C4A11DE105D8005A0A74 /* Embed App Extensions */ = {
			isa = PBXCopyFilesBuildPhase;
			buildActionMask = 2147483647;
			dstPath = "";
			dstSubfolderSpec = 13;
			files = (
				1748C4971DE105D8005A0A74 /* MessageIntentionUI.appex in Embed App Extensions */,
				1748C49A1DE105D8005A0A74 /* MessageIntention.appex in Embed App Extensions */,
			);
			name = "Embed App Extensions";
			runOnlyForDeploymentPostprocessing = 0;
		};
/* End PBXCopyFilesBuildPhase section */

/* Begin PBXFileReference section */
		13C18047EDECA9777331726F /* Pods-Connnect.debug.xcconfig */ = {isa = PBXFileReference; includeInIndex = 1; lastKnownFileType = text.xcconfig; name = "Pods-Connnect.debug.xcconfig"; path = "Pods/Target Support Files/Pods-Connnect/Pods-Connnect.debug.xcconfig"; sourceTree = "<group>"; };
		1748C4821DE105D8005A0A74 /* MessageIntention.appex */ = {isa = PBXFileReference; explicitFileType = "wrapper.app-extension"; includeInIndex = 0; path = MessageIntention.appex; sourceTree = BUILT_PRODUCTS_DIR; };
		1748C4841DE105D8005A0A74 /* IntentHandler.swift */ = {isa = PBXFileReference; lastKnownFileType = sourcecode.swift; path = IntentHandler.swift; sourceTree = "<group>"; };
		1748C4861DE105D8005A0A74 /* Info.plist */ = {isa = PBXFileReference; lastKnownFileType = text.plist.xml; path = Info.plist; sourceTree = "<group>"; };
		1748C48B1DE105D8005A0A74 /* MessageIntentionUI.appex */ = {isa = PBXFileReference; explicitFileType = "wrapper.app-extension"; includeInIndex = 0; path = MessageIntentionUI.appex; sourceTree = BUILT_PRODUCTS_DIR; };
		1748C48C1DE105D8005A0A74 /* IntentsUI.framework */ = {isa = PBXFileReference; lastKnownFileType = wrapper.framework; name = IntentsUI.framework; path = System/Library/Frameworks/IntentsUI.framework; sourceTree = SDKROOT; };
		1748C48F1DE105D8005A0A74 /* IntentViewController.swift */ = {isa = PBXFileReference; lastKnownFileType = sourcecode.swift; path = IntentViewController.swift; sourceTree = "<group>"; };
		1748C4921DE105D8005A0A74 /* Base */ = {isa = PBXFileReference; lastKnownFileType = file.storyboard; name = Base; path = Base.lproj/MainInterface.storyboard; sourceTree = "<group>"; };
		1748C4941DE105D8005A0A74 /* Info.plist */ = {isa = PBXFileReference; lastKnownFileType = text.plist.xml; path = Info.plist; sourceTree = "<group>"; };
		1748C4A21DE105F1005A0A74 /* Connnect.entitlements */ = {isa = PBXFileReference; lastKnownFileType = text.plist.entitlements; path = Connnect.entitlements; sourceTree = "<group>"; };
		52BB49651DE0E42C00BD0CC7 /* SendViewController.swift */ = {isa = PBXFileReference; fileEncoding = 4; lastKnownFileType = sourcecode.swift; path = SendViewController.swift; sourceTree = "<group>"; };
		52EC39EB1DE01A1D007BFFE4 /* Connnect.app */ = {isa = PBXFileReference; explicitFileType = wrapper.application; includeInIndex = 0; path = Connnect.app; sourceTree = BUILT_PRODUCTS_DIR; };
		52EC39EE1DE01A1D007BFFE4 /* AppDelegate.swift */ = {isa = PBXFileReference; lastKnownFileType = sourcecode.swift; path = AppDelegate.swift; sourceTree = "<group>"; };
		52EC39F31DE01A1D007BFFE4 /* Base */ = {isa = PBXFileReference; lastKnownFileType = file.storyboard; name = Base; path = Base.lproj/Main.storyboard; sourceTree = "<group>"; };
		52EC39F51DE01A1D007BFFE4 /* Assets.xcassets */ = {isa = PBXFileReference; lastKnownFileType = folder.assetcatalog; path = Assets.xcassets; sourceTree = "<group>"; };
		52EC39F81DE01A1D007BFFE4 /* Base */ = {isa = PBXFileReference; lastKnownFileType = file.storyboard; name = Base; path = Base.lproj/LaunchScreen.storyboard; sourceTree = "<group>"; };
		52EC39FA1DE01A1D007BFFE4 /* Info.plist */ = {isa = PBXFileReference; lastKnownFileType = text.plist.xml; path = Info.plist; sourceTree = "<group>"; };
		553082981DE1122D00472B6F /* EditChannel.storyboard */ = {isa = PBXFileReference; fileEncoding = 4; lastKnownFileType = file.storyboard; path = EditChannel.storyboard; sourceTree = "<group>"; };
		5530829A1DE123C900472B6F /* EditChannelViewController.swift */ = {isa = PBXFileReference; fileEncoding = 4; lastKnownFileType = sourcecode.swift; path = EditChannelViewController.swift; sourceTree = "<group>"; };
		55495D111DE12CC900310CAD /* JoinViewController.swift */ = {isa = PBXFileReference; fileEncoding = 4; lastKnownFileType = sourcecode.swift; path = JoinViewController.swift; sourceTree = "<group>"; };
		55495D131DE12FB700310CAD /* NewChannelViewController.swift */ = {isa = PBXFileReference; fileEncoding = 4; lastKnownFileType = sourcecode.swift; path = NewChannelViewController.swift; sourceTree = "<group>"; };
		6E7D5401973B1A1FEA171B1A /* Pods_Connnect.framework */ = {isa = PBXFileReference; explicitFileType = wrapper.framework; includeInIndex = 0; path = Pods_Connnect.framework; sourceTree = BUILT_PRODUCTS_DIR; };
		79CE7D861DE0D8A6006F9565 /* Base */ = {isa = PBXFileReference; lastKnownFileType = file.storyboard; name = Base; path = Base.lproj/Messages.storyboard; sourceTree = "<group>"; };
		79CE7D881DE0D8B7006F9565 /* Send.storyboard */ = {isa = PBXFileReference; fileEncoding = 4; lastKnownFileType = file.storyboard; path = Send.storyboard; sourceTree = "<group>"; };
		79CE7D8C1DE0E3C1006F9565 /* MessageTVC.swift */ = {isa = PBXFileReference; fileEncoding = 4; lastKnownFileType = sourcecode.swift; path = MessageTVC.swift; sourceTree = "<group>"; };
		79CE7D8E1DE10D9F006F9565 /* Geofencing.storyboard */ = {isa = PBXFileReference; fileEncoding = 4; lastKnownFileType = file.storyboard; path = Geofencing.storyboard; sourceTree = "<group>"; };
		79CE7D911DE1170B006F9565 /* SettingsViewController.swift */ = {isa = PBXFileReference; fileEncoding = 4; lastKnownFileType = sourcecode.swift; path = SettingsViewController.swift; sourceTree = "<group>"; };
		79CE7D931DE119AC006F9565 /* MapViewController.swift */ = {isa = PBXFileReference; fileEncoding = 4; lastKnownFileType = sourcecode.swift; path = MapViewController.swift; sourceTree = "<group>"; };
		B264C5835CF8806D2E38FF09 /* Pods-Connnect.release.xcconfig */ = {isa = PBXFileReference; includeInIndex = 1; lastKnownFileType = text.xcconfig; name = "Pods-Connnect.release.xcconfig"; path = "Pods/Target Support Files/Pods-Connnect/Pods-Connnect.release.xcconfig"; sourceTree = "<group>"; };
/* End PBXFileReference section */

/* Begin PBXFrameworksBuildPhase section */
		1748C47F1DE105D8005A0A74 /* Frameworks */ = {
			isa = PBXFrameworksBuildPhase;
			buildActionMask = 2147483647;
			files = (
			);
			runOnlyForDeploymentPostprocessing = 0;
		};
		1748C4881DE105D8005A0A74 /* Frameworks */ = {
			isa = PBXFrameworksBuildPhase;
			buildActionMask = 2147483647;
			files = (
				1748C48D1DE105D8005A0A74 /* IntentsUI.framework in Frameworks */,
			);
			runOnlyForDeploymentPostprocessing = 0;
		};
		52EC39E81DE01A1D007BFFE4 /* Frameworks */ = {
			isa = PBXFrameworksBuildPhase;
			buildActionMask = 2147483647;
			files = (
				9D83E1AB9385D3501648BB3C /* Pods_Connnect.framework in Frameworks */,
			);
			runOnlyForDeploymentPostprocessing = 0;
		};
/* End PBXFrameworksBuildPhase section */

/* Begin PBXGroup section */
		1748C4831DE105D8005A0A74 /* MessageIntention */ = {
			isa = PBXGroup;
			children = (
				1748C4841DE105D8005A0A74 /* IntentHandler.swift */,
				1748C4861DE105D8005A0A74 /* Info.plist */,
			);
			path = MessageIntention;
			sourceTree = "<group>";
		};
		1748C48E1DE105D8005A0A74 /* MessageIntentionUI */ = {
			isa = PBXGroup;
			children = (
				1748C48F1DE105D8005A0A74 /* IntentViewController.swift */,
				1748C4911DE105D8005A0A74 /* MainInterface.storyboard */,
				1748C4941DE105D8005A0A74 /* Info.plist */,
			);
			path = MessageIntentionUI;
			sourceTree = "<group>";
		};
		307B39513CCB71DA2C75B6A4 /* Pods */ = {
			isa = PBXGroup;
			children = (
				13C18047EDECA9777331726F /* Pods-Connnect.debug.xcconfig */,
				B264C5835CF8806D2E38FF09 /* Pods-Connnect.release.xcconfig */,
			);
			name = Pods;
			sourceTree = "<group>";
		};
		52EC39E21DE01A1D007BFFE4 = {
			isa = PBXGroup;
			children = (
				52EC39ED1DE01A1D007BFFE4 /* Connnect */,
				1748C4831DE105D8005A0A74 /* MessageIntention */,
				1748C48E1DE105D8005A0A74 /* MessageIntentionUI */,
				52EC39EC1DE01A1D007BFFE4 /* Products */,
				307B39513CCB71DA2C75B6A4 /* Pods */,
				85CF3BB3AF612B6614595EED /* Frameworks */,
			);
			sourceTree = "<group>";
		};
		52EC39EC1DE01A1D007BFFE4 /* Products */ = {
			isa = PBXGroup;
			children = (
				52EC39EB1DE01A1D007BFFE4 /* Connnect.app */,
				1748C4821DE105D8005A0A74 /* MessageIntention.appex */,
				1748C48B1DE105D8005A0A74 /* MessageIntentionUI.appex */,
			);
			name = Products;
			sourceTree = "<group>";
		};
		52EC39ED1DE01A1D007BFFE4 /* Connnect */ = {
			isa = PBXGroup;
			children = (
				5530829C1DE123F300472B6F /* EditChannel */,
				1748C4A21DE105F1005A0A74 /* Connnect.entitlements */,
				52EC39EE1DE01A1D007BFFE4 /* AppDelegate.swift */,
				52EC39F21DE01A1D007BFFE4 /* Main.storyboard */,
				79CE7D8A1DE0D8C4006F9565 /* Send */,
				79CE7D8B1DE0D8CA006F9565 /* Messages */,
				52EC39F51DE01A1D007BFFE4 /* Assets.xcassets */,
				52EC39F71DE01A1D007BFFE4 /* LaunchScreen.storyboard */,
				52EC39FA1DE01A1D007BFFE4 /* Info.plist */,
				79CE7D901DE10DAC006F9565 /* Geofencing */,
			);
			path = Connnect;
			sourceTree = "<group>";
		};
		5530829C1DE123F300472B6F /* EditChannel */ = {
			isa = PBXGroup;
			children = (
				553082981DE1122D00472B6F /* EditChannel.storyboard */,
				5530829A1DE123C900472B6F /* EditChannelViewController.swift */,
				55495D111DE12CC900310CAD /* JoinViewController.swift */,
				55495D131DE12FB700310CAD /* NewChannelViewController.swift */,
			);
			name = EditChannel;
			sourceTree = "<group>";
		};
		79CE7D8A1DE0D8C4006F9565 /* Send */ = {
			isa = PBXGroup;
			children = (
				79CE7D881DE0D8B7006F9565 /* Send.storyboard */,
				52BB49651DE0E42C00BD0CC7 /* SendViewController.swift */,
			);
			name = Send;
			sourceTree = "<group>";
		};
		79CE7D8B1DE0D8CA006F9565 /* Messages */ = {
			isa = PBXGroup;
			children = (
				79CE7D851DE0D8A6006F9565 /* Messages.storyboard */,
				79CE7D8C1DE0E3C1006F9565 /* MessageTVC.swift */,
			);
			name = Messages;
			sourceTree = "<group>";
		};
		79CE7D901DE10DAC006F9565 /* Geofencing */ = {
			isa = PBXGroup;
			children = (
				79CE7D8E1DE10D9F006F9565 /* Geofencing.storyboard */,
				79CE7D911DE1170B006F9565 /* SettingsViewController.swift */,
				79CE7D931DE119AC006F9565 /* MapViewController.swift */,
			);
			name = Geofencing;
			sourceTree = "<group>";
		};
		85CF3BB3AF612B6614595EED /* Frameworks */ = {
			isa = PBXGroup;
			children = (
				6E7D5401973B1A1FEA171B1A /* Pods_Connnect.framework */,
				1748C48C1DE105D8005A0A74 /* IntentsUI.framework */,
			);
			name = Frameworks;
			sourceTree = "<group>";
		};
/* End PBXGroup section */

/* Begin PBXNativeTarget section */
		1748C4811DE105D8005A0A74 /* MessageIntention */ = {
			isa = PBXNativeTarget;
			buildConfigurationList = 1748C4A01DE105D8005A0A74 /* Build configuration list for PBXNativeTarget "MessageIntention" */;
			buildPhases = (
				1748C47E1DE105D8005A0A74 /* Sources */,
				1748C47F1DE105D8005A0A74 /* Frameworks */,
				1748C4801DE105D8005A0A74 /* Resources */,
			);
			buildRules = (
			);
			dependencies = (
			);
			name = MessageIntention;
			productName = MessageIntention;
			productReference = 1748C4821DE105D8005A0A74 /* MessageIntention.appex */;
			productType = "com.apple.product-type.app-extension";
		};
		1748C48A1DE105D8005A0A74 /* MessageIntentionUI */ = {
			isa = PBXNativeTarget;
			buildConfigurationList = 1748C49F1DE105D8005A0A74 /* Build configuration list for PBXNativeTarget "MessageIntentionUI" */;
			buildPhases = (
				1748C4871DE105D8005A0A74 /* Sources */,
				1748C4881DE105D8005A0A74 /* Frameworks */,
				1748C4891DE105D8005A0A74 /* Resources */,
			);
			buildRules = (
			);
			dependencies = (
			);
			name = MessageIntentionUI;
			productName = MessageIntentionUI;
			productReference = 1748C48B1DE105D8005A0A74 /* MessageIntentionUI.appex */;
			productType = "com.apple.product-type.app-extension";
		};
		52EC39EA1DE01A1D007BFFE4 /* Connnect */ = {
			isa = PBXNativeTarget;
			buildConfigurationList = 52EC39FD1DE01A1D007BFFE4 /* Build configuration list for PBXNativeTarget "Connnect" */;
			buildPhases = (
				12E6700C4D3CEB3C70C2041C /* [CP] Check Pods Manifest.lock */,
				52EC39E71DE01A1D007BFFE4 /* Sources */,
				52EC39E81DE01A1D007BFFE4 /* Frameworks */,
				52EC39E91DE01A1D007BFFE4 /* Resources */,
				B422EE42A86AA0C3AFCFFF7C /* [CP] Embed Pods Frameworks */,
				5EE6BBDB934E4501E0DA7B08 /* [CP] Copy Pods Resources */,
				1748C4A11DE105D8005A0A74 /* Embed App Extensions */,
			);
			buildRules = (
			);
			dependencies = (
				1748C4961DE105D8005A0A74 /* PBXTargetDependency */,
				1748C4991DE105D8005A0A74 /* PBXTargetDependency */,
			);
			name = Connnect;
			productName = Connnect;
			productReference = 52EC39EB1DE01A1D007BFFE4 /* Connnect.app */;
			productType = "com.apple.product-type.application";
		};
/* End PBXNativeTarget section */

/* Begin PBXProject section */
		52EC39E31DE01A1D007BFFE4 /* Project object */ = {
			isa = PBXProject;
			attributes = {
				LastSwiftUpdateCheck = 0810;
				LastUpgradeCheck = 0810;
				ORGANIZATIONNAME = "iOS-Connect";
				TargetAttributes = {
					1748C4811DE105D8005A0A74 = {
						CreatedOnToolsVersion = 8.1;
						DevelopmentTeam = VY4FR2X9W5;
						ProvisioningStyle = Manual;
					};
					1748C48A1DE105D8005A0A74 = {
						CreatedOnToolsVersion = 8.1;
						DevelopmentTeam = VY4FR2X9W5;
						ProvisioningStyle = Manual;
					};
					52EC39EA1DE01A1D007BFFE4 = {
						CreatedOnToolsVersion = 8.1;
						DevelopmentTeam = VY4FR2X9W5;
						ProvisioningStyle = Manual;
						SystemCapabilities = {
							com.apple.Siri = {
								enabled = 1;
							};
						};
					};
				};
			};
			buildConfigurationList = 52EC39E61DE01A1D007BFFE4 /* Build configuration list for PBXProject "Connnect" */;
			compatibilityVersion = "Xcode 3.2";
			developmentRegion = English;
			hasScannedForEncodings = 0;
			knownRegions = (
				en,
				Base,
			);
			mainGroup = 52EC39E21DE01A1D007BFFE4;
			productRefGroup = 52EC39EC1DE01A1D007BFFE4 /* Products */;
			projectDirPath = "";
			projectRoot = "";
			targets = (
				52EC39EA1DE01A1D007BFFE4 /* Connnect */,
				1748C4811DE105D8005A0A74 /* MessageIntention */,
				1748C48A1DE105D8005A0A74 /* MessageIntentionUI */,
			);
		};
/* End PBXProject section */

/* Begin PBXResourcesBuildPhase section */
		1748C4801DE105D8005A0A74 /* Resources */ = {
			isa = PBXResourcesBuildPhase;
			buildActionMask = 2147483647;
			files = (
			);
			runOnlyForDeploymentPostprocessing = 0;
		};
		1748C4891DE105D8005A0A74 /* Resources */ = {
			isa = PBXResourcesBuildPhase;
			buildActionMask = 2147483647;
			files = (
				1748C4931DE105D8005A0A74 /* MainInterface.storyboard in Resources */,
			);
			runOnlyForDeploymentPostprocessing = 0;
		};
		52EC39E91DE01A1D007BFFE4 /* Resources */ = {
			isa = PBXResourcesBuildPhase;
			buildActionMask = 2147483647;
			files = (
				553082991DE1122D00472B6F /* EditChannel.storyboard in Resources */,
				52EC39F91DE01A1D007BFFE4 /* LaunchScreen.storyboard in Resources */,
				52EC39F61DE01A1D007BFFE4 /* Assets.xcassets in Resources */,
				79CE7D871DE0D8A6006F9565 /* Messages.storyboard in Resources */,
				52EC39F41DE01A1D007BFFE4 /* Main.storyboard in Resources */,
				79CE7D891DE0D8B7006F9565 /* Send.storyboard in Resources */,
				79CE7D8F1DE10D9F006F9565 /* Geofencing.storyboard in Resources */,
			);
			runOnlyForDeploymentPostprocessing = 0;
		};
/* End PBXResourcesBuildPhase section */

/* Begin PBXShellScriptBuildPhase section */
		12E6700C4D3CEB3C70C2041C /* [CP] Check Pods Manifest.lock */ = {
			isa = PBXShellScriptBuildPhase;
			buildActionMask = 2147483647;
			files = (
			);
			inputPaths = (
			);
			name = "[CP] Check Pods Manifest.lock";
			outputPaths = (
			);
			runOnlyForDeploymentPostprocessing = 0;
			shellPath = /bin/sh;
			shellScript = "diff \"${PODS_ROOT}/../Podfile.lock\" \"${PODS_ROOT}/Manifest.lock\" > /dev/null\nif [ $? != 0 ] ; then\n    # print error to STDERR\n    echo \"error: The sandbox is not in sync with the Podfile.lock. Run 'pod install' or update your CocoaPods installation.\" >&2\n    exit 1\nfi\n";
			showEnvVarsInLog = 0;
		};
		5EE6BBDB934E4501E0DA7B08 /* [CP] Copy Pods Resources */ = {
			isa = PBXShellScriptBuildPhase;
			buildActionMask = 2147483647;
			files = (
			);
			inputPaths = (
			);
			name = "[CP] Copy Pods Resources";
			outputPaths = (
			);
			runOnlyForDeploymentPostprocessing = 0;
			shellPath = /bin/sh;
			shellScript = "\"${SRCROOT}/Pods/Target Support Files/Pods-Connnect/Pods-Connnect-resources.sh\"\n";
			showEnvVarsInLog = 0;
		};
		B422EE42A86AA0C3AFCFFF7C /* [CP] Embed Pods Frameworks */ = {
			isa = PBXShellScriptBuildPhase;
			buildActionMask = 2147483647;
			files = (
			);
			inputPaths = (
			);
			name = "[CP] Embed Pods Frameworks";
			outputPaths = (
			);
			runOnlyForDeploymentPostprocessing = 0;
			shellPath = /bin/sh;
			shellScript = "\"${SRCROOT}/Pods/Target Support Files/Pods-Connnect/Pods-Connnect-frameworks.sh\"\n";
			showEnvVarsInLog = 0;
		};
/* End PBXShellScriptBuildPhase section */

/* Begin PBXSourcesBuildPhase section */
		1748C47E1DE105D8005A0A74 /* Sources */ = {
			isa = PBXSourcesBuildPhase;
			buildActionMask = 2147483647;
			files = (
				1748C4851DE105D8005A0A74 /* IntentHandler.swift in Sources */,
			);
			runOnlyForDeploymentPostprocessing = 0;
		};
		1748C4871DE105D8005A0A74 /* Sources */ = {
			isa = PBXSourcesBuildPhase;
			buildActionMask = 2147483647;
			files = (
				1748C4901DE105D8005A0A74 /* IntentViewController.swift in Sources */,
			);
			runOnlyForDeploymentPostprocessing = 0;
		};
		52EC39E71DE01A1D007BFFE4 /* Sources */ = {
			isa = PBXSourcesBuildPhase;
			buildActionMask = 2147483647;
			files = (
				5530829B1DE123C900472B6F /* EditChannelViewController.swift in Sources */,
				52BB49661DE0E42C00BD0CC7 /* SendViewController.swift in Sources */,
				52EC39EF1DE01A1D007BFFE4 /* AppDelegate.swift in Sources */,
				55495D121DE12CC900310CAD /* JoinViewController.swift in Sources */,
				79CE7D8D1DE0E3C1006F9565 /* MessageTVC.swift in Sources */,
				55495D141DE12FB700310CAD /* NewChannelViewController.swift in Sources */,
				79CE7D941DE119AC006F9565 /* MapViewController.swift in Sources */,
				79CE7D921DE1170B006F9565 /* SettingsViewController.swift in Sources */,
			);
			runOnlyForDeploymentPostprocessing = 0;
		};
/* End PBXSourcesBuildPhase section */

/* Begin PBXTargetDependency section */
		1748C4961DE105D8005A0A74 /* PBXTargetDependency */ = {
			isa = PBXTargetDependency;
			target = 1748C48A1DE105D8005A0A74 /* MessageIntentionUI */;
			targetProxy = 1748C4951DE105D8005A0A74 /* PBXContainerItemProxy */;
		};
		1748C4991DE105D8005A0A74 /* PBXTargetDependency */ = {
			isa = PBXTargetDependency;
			target = 1748C4811DE105D8005A0A74 /* MessageIntention */;
			targetProxy = 1748C4981DE105D8005A0A74 /* PBXContainerItemProxy */;
		};
/* End PBXTargetDependency section */

/* Begin PBXVariantGroup section */
		1748C4911DE105D8005A0A74 /* MainInterface.storyboard */ = {
			isa = PBXVariantGroup;
			children = (
				1748C4921DE105D8005A0A74 /* Base */,
			);
			name = MainInterface.storyboard;
			sourceTree = "<group>";
		};
		52EC39F21DE01A1D007BFFE4 /* Main.storyboard */ = {
			isa = PBXVariantGroup;
			children = (
				52EC39F31DE01A1D007BFFE4 /* Base */,
			);
			name = Main.storyboard;
			sourceTree = "<group>";
		};
		52EC39F71DE01A1D007BFFE4 /* LaunchScreen.storyboard */ = {
			isa = PBXVariantGroup;
			children = (
				52EC39F81DE01A1D007BFFE4 /* Base */,
			);
			name = LaunchScreen.storyboard;
			sourceTree = "<group>";
		};
		79CE7D851DE0D8A6006F9565 /* Messages.storyboard */ = {
			isa = PBXVariantGroup;
			children = (
				79CE7D861DE0D8A6006F9565 /* Base */,
			);
			name = Messages.storyboard;
			sourceTree = "<group>";
		};
/* End PBXVariantGroup section */

/* Begin XCBuildConfiguration section */
		1748C49B1DE105D8005A0A74 /* Debug */ = {
			isa = XCBuildConfiguration;
			buildSettings = {
				INFOPLIST_FILE = MessageIntention/Info.plist;
				LD_RUNPATH_SEARCH_PATHS = "$(inherited) @executable_path/Frameworks @executable_path/../../Frameworks";
				PRODUCT_BUNDLE_IDENTIFIER = "com.ios-connect.Connect.MessageIntention";
				PRODUCT_NAME = "$(TARGET_NAME)";
				PROVISIONING_PROFILE = "e8bdfd55-42c7-4087-b2b9-0bcbcd700bba";
				PROVISIONING_PROFILE_SPECIFIER = "match Development com.ios-connect.Connect.MessageIntention";
				SKIP_INSTALL = YES;
				SWIFT_VERSION = 3.0;
			};
			name = Debug;
		};
		1748C49C1DE105D8005A0A74 /* Release */ = {
			isa = XCBuildConfiguration;
			buildSettings = {
				INFOPLIST_FILE = MessageIntention/Info.plist;
				LD_RUNPATH_SEARCH_PATHS = "$(inherited) @executable_path/Frameworks @executable_path/../../Frameworks";
				PRODUCT_BUNDLE_IDENTIFIER = "com.ios-connect.Connect.MessageIntention";
				PRODUCT_NAME = "$(TARGET_NAME)";
				PROVISIONING_PROFILE = "e8bdfd55-42c7-4087-b2b9-0bcbcd700bba";
				PROVISIONING_PROFILE_SPECIFIER = "match Development com.ios-connect.Connect.MessageIntention";
				SKIP_INSTALL = YES;
				SWIFT_VERSION = 3.0;
			};
			name = Release;
		};
		1748C49D1DE105D8005A0A74 /* Debug */ = {
			isa = XCBuildConfiguration;
			buildSettings = {
				INFOPLIST_FILE = MessageIntentionUI/Info.plist;
				LD_RUNPATH_SEARCH_PATHS = "$(inherited) @executable_path/Frameworks @executable_path/../../Frameworks";
				PRODUCT_BUNDLE_IDENTIFIER = "com.ios-connect.Connect.MessageIntentionUI";
				PRODUCT_NAME = "$(TARGET_NAME)";
				PROVISIONING_PROFILE = "14e35509-884c-4f09-a1c6-d5266ac7251e";
				PROVISIONING_PROFILE_SPECIFIER = "match Development com.ios-connect.Connect.MessageIntentionUI";
				SKIP_INSTALL = YES;
				SWIFT_VERSION = 3.0;
			};
			name = Debug;
		};
		1748C49E1DE105D8005A0A74 /* Release */ = {
			isa = XCBuildConfiguration;
			buildSettings = {
				INFOPLIST_FILE = MessageIntentionUI/Info.plist;
				LD_RUNPATH_SEARCH_PATHS = "$(inherited) @executable_path/Frameworks @executable_path/../../Frameworks";
				PRODUCT_BUNDLE_IDENTIFIER = "com.ios-connect.Connect.MessageIntentionUI";
				PRODUCT_NAME = "$(TARGET_NAME)";
				PROVISIONING_PROFILE = "14e35509-884c-4f09-a1c6-d5266ac7251e";
				PROVISIONING_PROFILE_SPECIFIER = "match Development com.ios-connect.Connect.MessageIntentionUI";
				SKIP_INSTALL = YES;
				SWIFT_VERSION = 3.0;
			};
			name = Release;
		};
		52EC39FB1DE01A1D007BFFE4 /* Debug */ = {
			isa = XCBuildConfiguration;
			buildSettings = {
				ALWAYS_SEARCH_USER_PATHS = NO;
				CLANG_ANALYZER_NONNULL = YES;
				CLANG_CXX_LANGUAGE_STANDARD = "gnu++0x";
				CLANG_CXX_LIBRARY = "libc++";
				CLANG_ENABLE_MODULES = YES;
				CLANG_ENABLE_OBJC_ARC = YES;
				CLANG_WARN_BOOL_CONVERSION = YES;
				CLANG_WARN_CONSTANT_CONVERSION = YES;
				CLANG_WARN_DIRECT_OBJC_ISA_USAGE = YES_ERROR;
				CLANG_WARN_DOCUMENTATION_COMMENTS = YES;
				CLANG_WARN_EMPTY_BODY = YES;
				CLANG_WARN_ENUM_CONVERSION = YES;
				CLANG_WARN_INFINITE_RECURSION = YES;
				CLANG_WARN_INT_CONVERSION = YES;
				CLANG_WARN_OBJC_ROOT_CLASS = YES_ERROR;
				CLANG_WARN_SUSPICIOUS_MOVES = YES;
				CLANG_WARN_UNREACHABLE_CODE = YES;
				CLANG_WARN__DUPLICATE_METHOD_MATCH = YES;
				CODE_SIGN_IDENTITY = "iPhone Developer: John Regner (6T86GR3QJ6)";
				COPY_PHASE_STRIP = NO;
				DEBUG_INFORMATION_FORMAT = dwarf;
				DEVELOPMENT_TEAM = VY4FR2X9W5;
				ENABLE_STRICT_OBJC_MSGSEND = YES;
				ENABLE_TESTABILITY = YES;
				GCC_C_LANGUAGE_STANDARD = gnu99;
				GCC_DYNAMIC_NO_PIC = NO;
				GCC_NO_COMMON_BLOCKS = YES;
				GCC_OPTIMIZATION_LEVEL = 0;
				GCC_PREPROCESSOR_DEFINITIONS = (
					"DEBUG=1",
					"$(inherited)",
				);
				GCC_WARN_64_TO_32_BIT_CONVERSION = YES;
				GCC_WARN_ABOUT_RETURN_TYPE = YES_ERROR;
				GCC_WARN_UNDECLARED_SELECTOR = YES;
				GCC_WARN_UNINITIALIZED_AUTOS = YES_AGGRESSIVE;
				GCC_WARN_UNUSED_FUNCTION = YES;
				GCC_WARN_UNUSED_VARIABLE = YES;
				IPHONEOS_DEPLOYMENT_TARGET = 10.1;
				MTL_ENABLE_DEBUG_INFO = YES;
				ONLY_ACTIVE_ARCH = YES;
				SDKROOT = iphoneos;
				SWIFT_ACTIVE_COMPILATION_CONDITIONS = DEBUG;
				SWIFT_OPTIMIZATION_LEVEL = "-Onone";
				TARGETED_DEVICE_FAMILY = "1,2";
			};
			name = Debug;
		};
		52EC39FC1DE01A1D007BFFE4 /* Release */ = {
			isa = XCBuildConfiguration;
			buildSettings = {
				ALWAYS_SEARCH_USER_PATHS = NO;
				CLANG_ANALYZER_NONNULL = YES;
				CLANG_CXX_LANGUAGE_STANDARD = "gnu++0x";
				CLANG_CXX_LIBRARY = "libc++";
				CLANG_ENABLE_MODULES = YES;
				CLANG_ENABLE_OBJC_ARC = YES;
				CLANG_WARN_BOOL_CONVERSION = YES;
				CLANG_WARN_CONSTANT_CONVERSION = YES;
				CLANG_WARN_DIRECT_OBJC_ISA_USAGE = YES_ERROR;
				CLANG_WARN_DOCUMENTATION_COMMENTS = YES;
				CLANG_WARN_EMPTY_BODY = YES;
				CLANG_WARN_ENUM_CONVERSION = YES;
				CLANG_WARN_INFINITE_RECURSION = YES;
				CLANG_WARN_INT_CONVERSION = YES;
				CLANG_WARN_OBJC_ROOT_CLASS = YES_ERROR;
				CLANG_WARN_SUSPICIOUS_MOVES = YES;
				CLANG_WARN_UNREACHABLE_CODE = YES;
				CLANG_WARN__DUPLICATE_METHOD_MATCH = YES;
				CODE_SIGN_IDENTITY = "iPhone Developer: John Regner (6T86GR3QJ6)";
				COPY_PHASE_STRIP = NO;
				DEBUG_INFORMATION_FORMAT = "dwarf-with-dsym";
				DEVELOPMENT_TEAM = VY4FR2X9W5;
				ENABLE_NS_ASSERTIONS = NO;
				ENABLE_STRICT_OBJC_MSGSEND = YES;
				GCC_C_LANGUAGE_STANDARD = gnu99;
				GCC_NO_COMMON_BLOCKS = YES;
				GCC_WARN_64_TO_32_BIT_CONVERSION = YES;
				GCC_WARN_ABOUT_RETURN_TYPE = YES_ERROR;
				GCC_WARN_UNDECLARED_SELECTOR = YES;
				GCC_WARN_UNINITIALIZED_AUTOS = YES_AGGRESSIVE;
				GCC_WARN_UNUSED_FUNCTION = YES;
				GCC_WARN_UNUSED_VARIABLE = YES;
				IPHONEOS_DEPLOYMENT_TARGET = 10.1;
				MTL_ENABLE_DEBUG_INFO = NO;
				SDKROOT = iphoneos;
				SWIFT_OPTIMIZATION_LEVEL = "-Owholemodule";
				TARGETED_DEVICE_FAMILY = "1,2";
				VALIDATE_PRODUCT = YES;
			};
			name = Release;
		};
		52EC39FE1DE01A1D007BFFE4 /* Debug */ = {
			isa = XCBuildConfiguration;
			baseConfigurationReference = 13C18047EDECA9777331726F /* Pods-Connnect.debug.xcconfig */;
			buildSettings = {
				ASSETCATALOG_COMPILER_APPICON_NAME = AppIcon;
				CODE_SIGN_ENTITLEMENTS = Connnect/Connnect.entitlements;
				INFOPLIST_FILE = Connnect/Info.plist;
				IPHONEOS_DEPLOYMENT_TARGET = 10.0;
				LD_RUNPATH_SEARCH_PATHS = "$(inherited) @executable_path/Frameworks";
				PRODUCT_BUNDLE_IDENTIFIER = "com.ios-connect.Connect";
				PRODUCT_NAME = "$(TARGET_NAME)";
				PROVISIONING_PROFILE = "ae589b7a-b2fd-42d2-8381-2a8ecc08718e";
				PROVISIONING_PROFILE_SPECIFIER = "match Development com.ios-connect.Connect";
				SWIFT_VERSION = 3.0;
			};
			name = Debug;
		};
		52EC39FF1DE01A1D007BFFE4 /* Release */ = {
			isa = XCBuildConfiguration;
			baseConfigurationReference = B264C5835CF8806D2E38FF09 /* Pods-Connnect.release.xcconfig */;
			buildSettings = {
				ASSETCATALOG_COMPILER_APPICON_NAME = AppIcon;
				CODE_SIGN_ENTITLEMENTS = Connnect/Connnect.entitlements;
				INFOPLIST_FILE = Connnect/Info.plist;
				IPHONEOS_DEPLOYMENT_TARGET = 10.0;
				LD_RUNPATH_SEARCH_PATHS = "$(inherited) @executable_path/Frameworks";
				PRODUCT_BUNDLE_IDENTIFIER = "com.ios-connect.Connect";
				PRODUCT_NAME = "$(TARGET_NAME)";
				PROVISIONING_PROFILE = "ae589b7a-b2fd-42d2-8381-2a8ecc08718e";
				PROVISIONING_PROFILE_SPECIFIER = "match Development com.ios-connect.Connect";
				SWIFT_VERSION = 3.0;
			};
			name = Release;
		};
/* End XCBuildConfiguration section */

/* Begin XCConfigurationList section */
		1748C49F1DE105D8005A0A74 /* Build configuration list for PBXNativeTarget "MessageIntentionUI" */ = {
			isa = XCConfigurationList;
			buildConfigurations = (
				1748C49D1DE105D8005A0A74 /* Debug */,
				1748C49E1DE105D8005A0A74 /* Release */,
			);
			defaultConfigurationIsVisible = 0;
			defaultConfigurationName = Release;
		};
		1748C4A01DE105D8005A0A74 /* Build configuration list for PBXNativeTarget "MessageIntention" */ = {
			isa = XCConfigurationList;
			buildConfigurations = (
				1748C49B1DE105D8005A0A74 /* Debug */,
				1748C49C1DE105D8005A0A74 /* Release */,
			);
			defaultConfigurationIsVisible = 0;
			defaultConfigurationName = Release;
		};
		52EC39E61DE01A1D007BFFE4 /* Build configuration list for PBXProject "Connnect" */ = {
			isa = XCConfigurationList;
			buildConfigurations = (
				52EC39FB1DE01A1D007BFFE4 /* Debug */,
				52EC39FC1DE01A1D007BFFE4 /* Release */,
			);
			defaultConfigurationIsVisible = 0;
			defaultConfigurationName = Release;
		};
		52EC39FD1DE01A1D007BFFE4 /* Build configuration list for PBXNativeTarget "Connnect" */ = {
			isa = XCConfigurationList;
			buildConfigurations = (
				52EC39FE1DE01A1D007BFFE4 /* Debug */,
				52EC39FF1DE01A1D007BFFE4 /* Release */,
			);
			defaultConfigurationIsVisible = 0;
			defaultConfigurationName = Release;
		};
/* End XCConfigurationList section */
	};
	rootObject = 52EC39E31DE01A1D007BFFE4 /* Project object */;
}
